PODS:
  - iOS-APM (0.1.0):
    - iOS-APM/Crash (= 0.1.0)
    - iOS-APM/Global (= 0.1.0)
  - iOS-APM/Crash (0.1.0)
  - iOS-APM/Global (0.1.0):
    - ThreadBacktrace
  - LookinServer (1.0.0)
  - ThreadBacktrace (0.1.4)

DEPENDENCIES:
  - iOS-APM (from `../`)
  - LookinServer
  - ThreadBacktrace (from `../../ThreadBacktrace`)

SPEC REPOS:
  trunk:
    - LookinServer

EXTERNAL SOURCES:
  iOS-APM:
    :path: "../"
  ThreadBacktrace:
    :path: "../../ThreadBacktrace"

SPEC CHECKSUMS:
  iOS-APM: 9e4933faa5a553bf684ec566ba1626675a2313e2
  LookinServer: 0002891cd3cec5e082a910e897dfe71b4f06b89e
  ThreadBacktrace: 1524ba22d383a0668b64b11c173bc9b11b5b4e60

PODFILE CHECKSUM: 65c70244bf1fc9fc833c5bfa3ffccd81efde5f9e

COCOAPODS: 1.8.4
